
Microsoft Visual Studio Solution File, Format Version 12.00
# Visual Studio Version 16
VisualStudioVersion = 16.0.31624.102
MinimumVisualStudioVersion = 10.0.40219.1
Project("{FAE04EC0-301F-11D3-BF4B-00C04F79EFBC}") = "DesktopEnglish", "DesktopEnglish\DesktopEnglish.csproj", "{776BFF58-0821-46FA-AA63-93417E50E177}"
EndProject
Global
	GlobalSection(SolutionConfigurationPlatforms) = preSolution
		Debug|Any CPU = Debug|Any CPU
		Release|Any CPU = Release|Any CPU
	EndGlobalSection
	GlobalSection(ProjectConfigurationPlatforms) = postSolution
		{776BFF58-0821-46FA-AA63-93417E50E177}.Debug|Any CPU.ActiveCfg = Debug|Any CPU
		{776BFF58-0821-46FA-AA63-93417E50E177}.Debug|Any CPU.Build.0 = Debug|Any CPU
		{776BFF58-0821-46FA-AA63-93417E50E177}.Release|Any CPU.ActiveCfg = Release|Any CPU
		{776BFF58-0821-46FA-AA63-93417E50E177}.Release|Any CPU.Build.0 = Release|Any CPU
	EndGlobalSection
	GlobalSection(SolutionProperties) = preSolution
		HideSolutionNode = FALSE
	EndGlobalSection
	GlobalSection(ExtensibilityGlobals) = postSolution
		SolutionGuid = {333BFCBC-0E7B-4837-9A60-A2E42BDC92BA}
	EndGlobalSection
EndGlobal
